
Microsoft Visual Studio Solution File, Format Version 12.00
# Visual Studio 15
VisualStudioVersion = 15.0.28307.1000
MinimumVisualStudioVersion = 10.0.40219.1
Project("{2150E333-8FDC-42A3-9474-1A3956D46DE8}") = "Microservices", "Microservices", "{6AFAE7F1-D3CF-4C11-B0DB-17468F0EA16B}"
EndProject
Project("{2150E333-8FDC-42A3-9474-1A3956D46DE8}") = "Domain", "Domain", "{571D83E6-1B89-473C-B19C-163280FBE2C5}"
EndProject
Project("{2150E333-8FDC-42A3-9474-1A3956D46DE8}") = "Infra.Bus", "Infra.Bus", "{F140949A-90EA-492E-BFEC-8B3476EEB1F8}"
EndProject
Project("{2150E333-8FDC-42A3-9474-1A3956D46DE8}") = "Infra.Ioc", "Infra.Ioc", "{A1BA2E43-6F6C-4421-B8D7-D3FDEB1DDD18}"
EndProject
Project("{2150E333-8FDC-42A3-9474-1A3956D46DE8}") = "Presentation", "Presentation", "{EBBBE989-61D7-4F3F-9120-38F8D3025224}"
EndProject
Project("{9A19103F-16F7-4668-BE54-9A1E7A4F7556}") = "MicroRabbit.Domain.Core", "MicroRabbit.Domain.Core\MicroRabbit.Domain.Core.csproj", "{2A9FA90D-9A0F-4C4B-81C3-ECE680449CF8}"
EndProject
Project("{9A19103F-16F7-4668-BE54-9A1E7A4F7556}") = "MicroRabbit.Infra.Bus", "MicroRabbit.Infra.Bus\MicroRabbit.Infra.Bus.csproj", "{81647BD9-DED6-4DF1-9C1B-6E64FEE63745}"
EndProject
Project("{FAE04EC0-301F-11D3-BF4B-00C04F79EFBC}") = "MicroRabbit.Infra.Ioc", "MicroRabbit.Infra.Ioc\MicroRabbit.Infra.Ioc.csproj", "{BE9E8358-7D88-407B-B693-787AD0982583}"
EndProject
Project("{2150E333-8FDC-42A3-9474-1A3956D46DE8}") = "Banking", "Banking", "{11C66EC8-2C84-4B22-8ABF-03E1A4DBDB48}"
EndProject
Project("{2150E333-8FDC-42A3-9474-1A3956D46DE8}") = "Api", "Api", "{B0A4C16E-7D75-43FB-8D3B-E62696388EF1}"
EndProject
Project("{2150E333-8FDC-42A3-9474-1A3956D46DE8}") = "Domain", "Domain", "{96550732-D0AD-456A-A2AA-FD72A241A750}"
EndProject
Project("{2150E333-8FDC-42A3-9474-1A3956D46DE8}") = "Application", "Application", "{187F6F4C-562A-4FF8-AD39-CF4D5B8F7C98}"
EndProject
Project("{2150E333-8FDC-42A3-9474-1A3956D46DE8}") = "Data", "Data", "{536DEAC0-5EEB-4A41-BB08-2E399B71C035}"
EndProject
Project("{FAE04EC0-301F-11D3-BF4B-00C04F79EFBC}") = "MicroRabbit.Banking.Api", "MicroRabbit.Banking.Api\MicroRabbit.Banking.Api.csproj", "{39A1D017-346C-4DCD-B904-B2A140E8746D}"
EndProject
Project("{FAE04EC0-301F-11D3-BF4B-00C04F79EFBC}") = "MicroRabbit.Banking.Application", "MicroRabbit.Banking.Application\MicroRabbit.Banking.Application.csproj", "{4904AD76-B3DA-43CF-96DD-8420163E68EB}"
EndProject
Project("{FAE04EC0-301F-11D3-BF4B-00C04F79EFBC}") = "MicroRabbit.Banking.Data", "MicroRabbit.Banking.Data\MicroRabbit.Banking.Data.csproj", "{96EEF170-ADD3-4316-A55A-63052373FE0E}"
EndProject
Project("{FAE04EC0-301F-11D3-BF4B-00C04F79EFBC}") = "MicroRabbit.Banking.Domain", "MicroRabbit.Banking.Domain\MicroRabbit.Banking.Domain.csproj", "{87B38B03-96F1-4D82-83AE-715F9B44393D}"
EndProject
Global
	GlobalSection(SolutionConfigurationPlatforms) = preSolution
		Debug|Any CPU = Debug|Any CPU
		Release|Any CPU = Release|Any CPU
	EndGlobalSection
	GlobalSection(ProjectConfigurationPlatforms) = postSolution
		{2A9FA90D-9A0F-4C4B-81C3-ECE680449CF8}.Debug|Any CPU.ActiveCfg = Debug|Any CPU
		{2A9FA90D-9A0F-4C4B-81C3-ECE680449CF8}.Debug|Any CPU.Build.0 = Debug|Any CPU
		{2A9FA90D-9A0F-4C4B-81C3-ECE680449CF8}.Release|Any CPU.ActiveCfg = Release|Any CPU
		{2A9FA90D-9A0F-4C4B-81C3-ECE680449CF8}.Release|Any CPU.Build.0 = Release|Any CPU
		{81647BD9-DED6-4DF1-9C1B-6E64FEE63745}.Debug|Any CPU.ActiveCfg = Debug|Any CPU
		{81647BD9-DED6-4DF1-9C1B-6E64FEE63745}.Debug|Any CPU.Build.0 = Debug|Any CPU
		{81647BD9-DED6-4DF1-9C1B-6E64FEE63745}.Release|Any CPU.ActiveCfg = Release|Any CPU
		{81647BD9-DED6-4DF1-9C1B-6E64FEE63745}.Release|Any CPU.Build.0 = Release|Any CPU
		{BE9E8358-7D88-407B-B693-787AD0982583}.Debug|Any CPU.ActiveCfg = Debug|Any CPU
		{BE9E8358-7D88-407B-B693-787AD0982583}.Debug|Any CPU.Build.0 = Debug|Any CPU
		{BE9E8358-7D88-407B-B693-787AD0982583}.Release|Any CPU.ActiveCfg = Release|Any CPU
		{BE9E8358-7D88-407B-B693-787AD0982583}.Release|Any CPU.Build.0 = Release|Any CPU
		{39A1D017-346C-4DCD-B904-B2A140E8746D}.Debug|Any CPU.ActiveCfg = Debug|Any CPU
		{39A1D017-346C-4DCD-B904-B2A140E8746D}.Debug|Any CPU.Build.0 = Debug|Any CPU
		{39A1D017-346C-4DCD-B904-B2A140E8746D}.Release|Any CPU.ActiveCfg = Release|Any CPU
		{39A1D017-346C-4DCD-B904-B2A140E8746D}.Release|Any CPU.Build.0 = Release|Any CPU
		{4904AD76-B3DA-43CF-96DD-8420163E68EB}.Debug|Any CPU.ActiveCfg = Debug|Any CPU
		{4904AD76-B3DA-43CF-96DD-8420163E68EB}.Debug|Any CPU.Build.0 = Debug|Any CPU
		{4904AD76-B3DA-43CF-96DD-8420163E68EB}.Release|Any CPU.ActiveCfg = Release|Any CPU
		{4904AD76-B3DA-43CF-96DD-8420163E68EB}.Release|Any CPU.Build.0 = Release|Any CPU
		{96EEF170-ADD3-4316-A55A-63052373FE0E}.Debug|Any CPU.ActiveCfg = Debug|Any CPU
		{96EEF170-ADD3-4316-A55A-63052373FE0E}.Debug|Any CPU.Build.0 = Debug|Any CPU
		{96EEF170-ADD3-4316-A55A-63052373FE0E}.Release|Any CPU.ActiveCfg = Release|Any CPU
		{96EEF170-ADD3-4316-A55A-63052373FE0E}.Release|Any CPU.Build.0 = Release|Any CPU
		{87B38B03-96F1-4D82-83AE-715F9B44393D}.Debug|Any CPU.ActiveCfg = Debug|Any CPU
		{87B38B03-96F1-4D82-83AE-715F9B44393D}.Debug|Any CPU.Build.0 = Debug|Any CPU
		{87B38B03-96F1-4D82-83AE-715F9B44393D}.Release|Any CPU.ActiveCfg = Release|Any CPU
		{87B38B03-96F1-4D82-83AE-715F9B44393D}.Release|Any CPU.Build.0 = Release|Any CPU
	EndGlobalSection
	GlobalSection(SolutionProperties) = preSolution
		HideSolutionNode = FALSE
	EndGlobalSection
	GlobalSection(NestedProjects) = preSolution
		{2A9FA90D-9A0F-4C4B-81C3-ECE680449CF8} = {571D83E6-1B89-473C-B19C-163280FBE2C5}
		{81647BD9-DED6-4DF1-9C1B-6E64FEE63745} = {F140949A-90EA-492E-BFEC-8B3476EEB1F8}
		{BE9E8358-7D88-407B-B693-787AD0982583} = {A1BA2E43-6F6C-4421-B8D7-D3FDEB1DDD18}
		{11C66EC8-2C84-4B22-8ABF-03E1A4DBDB48} = {6AFAE7F1-D3CF-4C11-B0DB-17468F0EA16B}
		{B0A4C16E-7D75-43FB-8D3B-E62696388EF1} = {11C66EC8-2C84-4B22-8ABF-03E1A4DBDB48}
		{96550732-D0AD-456A-A2AA-FD72A241A750} = {11C66EC8-2C84-4B22-8ABF-03E1A4DBDB48}
		{187F6F4C-562A-4FF8-AD39-CF4D5B8F7C98} = {11C66EC8-2C84-4B22-8ABF-03E1A4DBDB48}
		{536DEAC0-5EEB-4A41-BB08-2E399B71C035} = {11C66EC8-2C84-4B22-8ABF-03E1A4DBDB48}
		{39A1D017-346C-4DCD-B904-B2A140E8746D} = {B0A4C16E-7D75-43FB-8D3B-E62696388EF1}
		{4904AD76-B3DA-43CF-96DD-8420163E68EB} = {187F6F4C-562A-4FF8-AD39-CF4D5B8F7C98}
		{96EEF170-ADD3-4316-A55A-63052373FE0E} = {536DEAC0-5EEB-4A41-BB08-2E399B71C035}
		{87B38B03-96F1-4D82-83AE-715F9B44393D} = {96550732-D0AD-456A-A2AA-FD72A241A750}
	EndGlobalSection
	GlobalSection(ExtensibilityGlobals) = postSolution
		SolutionGuid = {C4B87B17-223D-457F-8EE7-9B04E41F1F2E}
	EndGlobalSection
EndGlobal
